
Microsoft Visual Studio Solution File, Format Version 12.00
# Visual Studio Version 16
VisualStudioVersion = 16.0.29306.81
MinimumVisualStudioVersion = 10.0.40219.1
Project("{FAE04EC0-301F-11D3-BF4B-00C04F79EFBC}") = "algorithm", "algorithm\algorithm.csproj", "{05513579-6E4F-49C5-9E1D-49D86984E26D}"
EndProject
Global
	GlobalSection(SolutionConfigurationPlatforms) = preSolution
		Debug|Any CPU = Debug|Any CPU
		Release|Any CPU = Release|Any CPU
	EndGlobalSection
	GlobalSection(ProjectConfigurationPlatforms) = postSolution
		{05513579-6E4F-49C5-9E1D-49D86984E26D}.Debug|Any CPU.ActiveCfg = Debug|Any CPU
		{05513579-6E4F-49C5-9E1D-49D86984E26D}.Debug|Any CPU.Build.0 = Debug|Any CPU
		{05513579-6E4F-49C5-9E1D-49D86984E26D}.Release|Any CPU.ActiveCfg = Release|Any CPU
		{05513579-6E4F-49C5-9E1D-49D86984E26D}.Release|Any CPU.Build.0 = Release|Any CPU
	EndGlobalSection
	GlobalSection(SolutionProperties) = preSolution
		HideSolutionNode = FALSE
	EndGlobalSection
	GlobalSection(ExtensibilityGlobals) = postSolution
		SolutionGuid = {D5283E04-5D60-429B-85B3-65E6DADABC39}
	EndGlobalSection
EndGlobal
